
Microsoft Visual Studio Solution File, Format Version 12.00
# Visual Studio Version 16
VisualStudioVersion = 16.0.32407.337
MinimumVisualStudioVersion = 10.0.40219.1
Project("{FAE04EC0-301F-11D3-BF4B-00C04F79EFBC}") = "ECR Armor", "ECR Armor\ECR Armor.csproj", "{58D15F54-8E50-4517-86F5-0884BA612857}"
EndProject
Global
	GlobalSection(SolutionConfigurationPlatforms) = preSolution
		Debug|Any CPU = Debug|Any CPU
		Release|Any CPU = Release|Any CPU
	EndGlobalSection
	GlobalSection(ProjectConfigurationPlatforms) = postSolution
		{58D15F54-8E50-4517-86F5-0884BA612857}.Debug|Any CPU.ActiveCfg = Debug|Any CPU
		{58D15F54-8E50-4517-86F5-0884BA612857}.Debug|Any CPU.Build.0 = Debug|Any CPU
		{58D15F54-8E50-4517-86F5-0884BA612857}.Release|Any CPU.ActiveCfg = Release|Any CPU
		{58D15F54-8E50-4517-86F5-0884BA612857}.Release|Any CPU.Build.0 = Release|Any CPU
	EndGlobalSection
	GlobalSection(SolutionProperties) = preSolution
		HideSolutionNode = FALSE
	EndGlobalSection
	GlobalSection(ExtensibilityGlobals) = postSolution
		SolutionGuid = {92257B3D-BA1F-4B1B-99FA-235B026D6FEE}
	EndGlobalSection
EndGlobal
